
Microsoft Visual Studio Solution File, Format Version 12.00
# Visual Studio Version 17
VisualStudioVersion = 17.1.32328.378
MinimumVisualStudioVersion = 10.0.40219.1
Project("{9A19103F-16F7-4668-BE54-9A1E7A4F7556}") = "WebBanSach", "WebBanSach\WebBanSach.csproj", "{B5F8FC75-E838-48A7-92A8-E7B2507B912E}"
EndProject
Project("{FAE04EC0-301F-11D3-BF4B-00C04F79EFBC}") = "BanSach.Models", "BanSach.Models\BanSach.Models.csproj", "{33C6A0A3-93DF-4F89-97A8-0FEF65AF2AD7}"
EndProject
Project("{FAE04EC0-301F-11D3-BF4B-00C04F79EFBC}") = "BanSach.DataAccess", "BanSach.DataAccess\BanSach.DataAccess.csproj", "{C705F75D-DAE3-4273-9EAE-6C178DA35886}"
EndProject
Project("{FAE04EC0-301F-11D3-BF4B-00C04F79EFBC}") = "BanSach.Utility", "BanSach.Utility\BanSach.Utility.csproj", "{A26B96EB-6C92-4130-B7B0-E0F6C9988173}"
EndProject
Global
	GlobalSection(SolutionConfigurationPlatforms) = preSolution
		Debug|Any CPU = Debug|Any CPU
		Release|Any CPU = Release|Any CPU
	EndGlobalSection
	GlobalSection(ProjectConfigurationPlatforms) = postSolution
		{B5F8FC75-E838-48A7-92A8-E7B2507B912E}.Debug|Any CPU.ActiveCfg = Debug|Any CPU
		{B5F8FC75-E838-48A7-92A8-E7B2507B912E}.Debug|Any CPU.Build.0 = Debug|Any CPU
		{B5F8FC75-E838-48A7-92A8-E7B2507B912E}.Release|Any CPU.ActiveCfg = Release|Any CPU
		{B5F8FC75-E838-48A7-92A8-E7B2507B912E}.Release|Any CPU.Build.0 = Release|Any CPU
		{33C6A0A3-93DF-4F89-97A8-0FEF65AF2AD7}.Debug|Any CPU.ActiveCfg = Debug|Any CPU
		{33C6A0A3-93DF-4F89-97A8-0FEF65AF2AD7}.Debug|Any CPU.Build.0 = Debug|Any CPU
		{33C6A0A3-93DF-4F89-97A8-0FEF65AF2AD7}.Release|Any CPU.ActiveCfg = Release|Any CPU
		{33C6A0A3-93DF-4F89-97A8-0FEF65AF2AD7}.Release|Any CPU.Build.0 = Release|Any CPU
		{C705F75D-DAE3-4273-9EAE-6C178DA35886}.Debug|Any CPU.ActiveCfg = Debug|Any CPU
		{C705F75D-DAE3-4273-9EAE-6C178DA35886}.Debug|Any CPU.Build.0 = Debug|Any CPU
		{C705F75D-DAE3-4273-9EAE-6C178DA35886}.Release|Any CPU.ActiveCfg = Release|Any CPU
		{C705F75D-DAE3-4273-9EAE-6C178DA35886}.Release|Any CPU.Build.0 = Release|Any CPU
		{A26B96EB-6C92-4130-B7B0-E0F6C9988173}.Debug|Any CPU.ActiveCfg = Debug|Any CPU
		{A26B96EB-6C92-4130-B7B0-E0F6C9988173}.Debug|Any CPU.Build.0 = Debug|Any CPU
		{A26B96EB-6C92-4130-B7B0-E0F6C9988173}.Release|Any CPU.ActiveCfg = Release|Any CPU
		{A26B96EB-6C92-4130-B7B0-E0F6C9988173}.Release|Any CPU.Build.0 = Release|Any CPU
	EndGlobalSection
	GlobalSection(SolutionProperties) = preSolution
		HideSolutionNode = FALSE
	EndGlobalSection
	GlobalSection(ExtensibilityGlobals) = postSolution
		SolutionGuid = {716C268B-FEC2-4C3F-9108-4A8CE6F513CA}
	EndGlobalSection
EndGlobal
